
Microsoft Visual Studio Solution File, Format Version 12.00
# Visual Studio Version 17
VisualStudioVersion = 17.2.32602.215
MinimumVisualStudioVersion = 10.0.40219.1
Project("{FAE04EC0-301F-11D3-BF4B-00C04F79EFBC}") = "WebPaymentPortal", "WebPaymentPortal\WebPaymentPortal.csproj", "{711B1831-2C69-4C8C-9BBB-6E68C9D1174D}"
EndProject
Project("{9A19103F-16F7-4668-BE54-9A1E7A4F7556}") = "WebPaymentBusinessLogic", "WebPaymentBusinessLogic\WebPaymentBusinessLogic.csproj", "{D7C5F835-2E74-4474-B370-7B2A1770EAC6}"
EndProject
Project("{FAE04EC0-301F-11D3-BF4B-00C04F79EFBC}") = "WebPaymentBusinessLogicTests", "WebPaymentBusinessLogicTests\WebPaymentBusinessLogicTests.csproj", "{EF9258FC-7EE7-4002-950D-3FA7D2D5A89E}"
EndProject
Global
	GlobalSection(SolutionConfigurationPlatforms) = preSolution
		Debug|Any CPU = Debug|Any CPU
		Release|Any CPU = Release|Any CPU
	EndGlobalSection
	GlobalSection(ProjectConfigurationPlatforms) = postSolution
		{711B1831-2C69-4C8C-9BBB-6E68C9D1174D}.Debug|Any CPU.ActiveCfg = Debug|Any CPU
		{711B1831-2C69-4C8C-9BBB-6E68C9D1174D}.Debug|Any CPU.Build.0 = Debug|Any CPU
		{711B1831-2C69-4C8C-9BBB-6E68C9D1174D}.Release|Any CPU.ActiveCfg = Release|Any CPU
		{711B1831-2C69-4C8C-9BBB-6E68C9D1174D}.Release|Any CPU.Build.0 = Release|Any CPU
		{D7C5F835-2E74-4474-B370-7B2A1770EAC6}.Debug|Any CPU.ActiveCfg = Debug|Any CPU
		{D7C5F835-2E74-4474-B370-7B2A1770EAC6}.Debug|Any CPU.Build.0 = Debug|Any CPU
		{D7C5F835-2E74-4474-B370-7B2A1770EAC6}.Release|Any CPU.ActiveCfg = Release|Any CPU
		{D7C5F835-2E74-4474-B370-7B2A1770EAC6}.Release|Any CPU.Build.0 = Release|Any CPU
		{EF9258FC-7EE7-4002-950D-3FA7D2D5A89E}.Debug|Any CPU.ActiveCfg = Debug|Any CPU
		{EF9258FC-7EE7-4002-950D-3FA7D2D5A89E}.Debug|Any CPU.Build.0 = Debug|Any CPU
		{EF9258FC-7EE7-4002-950D-3FA7D2D5A89E}.Release|Any CPU.ActiveCfg = Release|Any CPU
		{EF9258FC-7EE7-4002-950D-3FA7D2D5A89E}.Release|Any CPU.Build.0 = Release|Any CPU
	EndGlobalSection
	GlobalSection(SolutionProperties) = preSolution
		HideSolutionNode = FALSE
	EndGlobalSection
	GlobalSection(ExtensibilityGlobals) = postSolution
		SolutionGuid = {7D5D5691-782A-433A-8742-956367BA6B91}
	EndGlobalSection
EndGlobal
